
Microsoft Visual Studio Solution File, Format Version 12.00
# Visual Studio Version 17
VisualStudioVersion = 17.0.31903.59
MinimumVisualStudioVersion = 10.0.40219.1
Project("{FAE04EC0-301F-11D3-BF4B-00C04F79EFBC}") = "AuthFlow.Infrastructure", "AuthFlow.Infrastructure\AuthFlow.Infrastructure.csproj", "{5D2336F8-537E-47EB-BC05-EA88DC6058A3}"
EndProject
Project("{FAE04EC0-301F-11D3-BF4B-00C04F79EFBC}") = "AuthFlow.Domain", "AuthFlow.Domain\AuthFlow.Domain.csproj", "{460F0925-8254-4EDB-8C38-5FDC450F64EA}"
EndProject
Project("{FAE04EC0-301F-11D3-BF4B-00C04F79EFBC}") = "AuthFlow.Application", "AuthFlow.Application\AuthFlow.Application.csproj", "{EFC89C44-8F91-49CD-8982-5267A31CD302}"
EndProject
Project("{FAE04EC0-301F-11D3-BF4B-00C04F79EFBC}") = "AuthFlow.Api", "AuthFlow.Api\AuthFlow.Api.csproj", "{DCAE2021-34E2-414E-BB3D-750D641B9834}"
EndProject
Global
	GlobalSection(SolutionConfigurationPlatforms) = preSolution
		Debug|Any CPU = Debug|Any CPU
		Release|Any CPU = Release|Any CPU
	EndGlobalSection
	GlobalSection(SolutionProperties) = preSolution
		HideSolutionNode = FALSE
	EndGlobalSection
	GlobalSection(ProjectConfigurationPlatforms) = postSolution
		{5D2336F8-537E-47EB-BC05-EA88DC6058A3}.Debug|Any CPU.ActiveCfg = Debug|Any CPU
		{5D2336F8-537E-47EB-BC05-EA88DC6058A3}.Debug|Any CPU.Build.0 = Debug|Any CPU
		{5D2336F8-537E-47EB-BC05-EA88DC6058A3}.Release|Any CPU.ActiveCfg = Release|Any CPU
		{5D2336F8-537E-47EB-BC05-EA88DC6058A3}.Release|Any CPU.Build.0 = Release|Any CPU
		{460F0925-8254-4EDB-8C38-5FDC450F64EA}.Debug|Any CPU.ActiveCfg = Debug|Any CPU
		{460F0925-8254-4EDB-8C38-5FDC450F64EA}.Debug|Any CPU.Build.0 = Debug|Any CPU
		{460F0925-8254-4EDB-8C38-5FDC450F64EA}.Release|Any CPU.ActiveCfg = Release|Any CPU
		{460F0925-8254-4EDB-8C38-5FDC450F64EA}.Release|Any CPU.Build.0 = Release|Any CPU
		{EFC89C44-8F91-49CD-8982-5267A31CD302}.Debug|Any CPU.ActiveCfg = Debug|Any CPU
		{EFC89C44-8F91-49CD-8982-5267A31CD302}.Debug|Any CPU.Build.0 = Debug|Any CPU
		{EFC89C44-8F91-49CD-8982-5267A31CD302}.Release|Any CPU.ActiveCfg = Release|Any CPU
		{EFC89C44-8F91-49CD-8982-5267A31CD302}.Release|Any CPU.Build.0 = Release|Any CPU
		{DCAE2021-34E2-414E-BB3D-750D641B9834}.Debug|Any CPU.ActiveCfg = Debug|Any CPU
		{DCAE2021-34E2-414E-BB3D-750D641B9834}.Debug|Any CPU.Build.0 = Debug|Any CPU
		{DCAE2021-34E2-414E-BB3D-750D641B9834}.Release|Any CPU.ActiveCfg = Release|Any CPU
		{DCAE2021-34E2-414E-BB3D-750D641B9834}.Release|Any CPU.Build.0 = Release|Any CPU
	EndGlobalSection
EndGlobal
